
Microsoft Visual Studio Solution File, Format Version 12.00
# Visual Studio Version 17
VisualStudioVersion = 17.7.34221.43
MinimumVisualStudioVersion = 10.0.40219.1
Project("{FAE04EC0-301F-11D3-BF4B-00C04F79EFBC}") = "TestStockIcon2", "TestStockIcon2.csproj", "{FA51F9DC-AC02-4CBE-8FA5-E5632CA8365C}"
EndProject
Global
	GlobalSection(SolutionConfigurationPlatforms) = preSolution
		Debug|Any CPU = Debug|Any CPU
		Release|Any CPU = Release|Any CPU
	EndGlobalSection
	GlobalSection(ProjectConfigurationPlatforms) = postSolution
		{FA51F9DC-AC02-4CBE-8FA5-E5632CA8365C}.Debug|Any CPU.ActiveCfg = Debug|Any CPU
		{FA51F9DC-AC02-4CBE-8FA5-E5632CA8365C}.Debug|Any CPU.Build.0 = Debug|Any CPU
		{FA51F9DC-AC02-4CBE-8FA5-E5632CA8365C}.Release|Any CPU.ActiveCfg = Release|Any CPU
		{FA51F9DC-AC02-4CBE-8FA5-E5632CA8365C}.Release|Any CPU.Build.0 = Release|Any CPU
	EndGlobalSection
	GlobalSection(SolutionProperties) = preSolution
		HideSolutionNode = FALSE
	EndGlobalSection
	GlobalSection(ExtensibilityGlobals) = postSolution
		SolutionGuid = {6F7096B2-E1E2-49BB-B9EC-AC3D31194D87}
	EndGlobalSection
EndGlobal
